Microsoft Visual Studio Solution File, Format Version 12.00
# Visual Studio Version 17
VisualStudioVersion = 17.10.34814.14
MinimumVisualStudioVersion = 10.0.40219.1
Project("{9A19103F-16F7-4668-BE54-9A1E7A4F7556}") = "AspiringHeroes.AppHost", "AspiringHeroes.AppHost\AspiringHeroes.AppHost.csproj", "{3ACE0C5A-FDD1-4FB6-A1FC-C49AE54A83C5}"
EndProject
Project("{9A19103F-16F7-4668-BE54-9A1E7A4F7556}") = "AspiringHeroes.ServiceDefaults", "AspiringHeroes.ServiceDefaults\AspiringHeroes.ServiceDefaults.csproj", "{F66E665B-F716-466C-84F0-B03B1EF412A9}"
EndProject
Project("{9A19103F-16F7-4668-BE54-9A1E7A4F7556}") = "AspiringHeroes.Api", "AspiringHeroes.Api\AspiringHeroes.Api.csproj", "{8455F943-D33E-493C-803B-38856AB1DB5B}"
EndProject
Project("{9A19103F-16F7-4668-BE54-9A1E7A4F7556}") = "AspiringHeroes.Web", "AspiringHeroes.Web\AspiringHeroes.Web.csproj", "{B8637071-8BD5-4BD5-8D2B-07F1BFC9BF03}"
EndProject
Project("{9A19103F-16F7-4668-BE54-9A1E7A4F7556}") = "Shared", "Shared\Shared.csproj", "{E20F468E-5194-4059-AD6F-BA356FCB2DD3}"
EndProject
Project("{9A19103F-16F7-4668-BE54-9A1E7A4F7556}") = "AspiringHeroes.Grpc", "AspiringHeroes.Grpc\AspiringHeroes.Grpc.csproj", "{D0E75937-DCDD-40DA-B71F-2E4D7412DAA5}"
EndProject
Global
	GlobalSection(SolutionConfigurationPlatforms) = preSolution
		Debug|Any CPU = Debug|Any CPU
		Release|Any CPU = Release|Any CPU
	EndGlobalSection
	GlobalSection(ProjectConfigurationPlatforms) = postSolution
		{3ACE0C5A-FDD1-4FB6-A1FC-C49AE54A83C5}.Debug|Any CPU.ActiveCfg = Debug|Any CPU
		{3ACE0C5A-FDD1-4FB6-A1FC-C49AE54A83C5}.Debug|Any CPU.Build.0 = Debug|Any CPU
		{3ACE0C5A-FDD1-4FB6-A1FC-C49AE54A83C5}.Release|Any CPU.ActiveCfg = Release|Any CPU
		{3ACE0C5A-FDD1-4FB6-A1FC-C49AE54A83C5}.Release|Any CPU.Build.0 = Release|Any CPU
		{F66E665B-F716-466C-84F0-B03B1EF412A9}.Debug|Any CPU.ActiveCfg = Debug|Any CPU
		{F66E665B-F716-466C-84F0-B03B1EF412A9}.Debug|Any CPU.Build.0 = Debug|Any CPU
		{F66E665B-F716-466C-84F0-B03B1EF412A9}.Release|Any CPU.ActiveCfg = Release|Any CPU
		{F66E665B-F716-466C-84F0-B03B1EF412A9}.Release|Any CPU.Build.0 = Release|Any CPU
		{8455F943-D33E-493C-803B-38856AB1DB5B}.Debug|Any CPU.ActiveCfg = Debug|Any CPU
		{8455F943-D33E-493C-803B-38856AB1DB5B}.Debug|Any CPU.Build.0 = Debug|Any CPU
		{8455F943-D33E-493C-803B-38856AB1DB5B}.Release|Any CPU.ActiveCfg = Release|Any CPU
		{8455F943-D33E-493C-803B-38856AB1DB5B}.Release|Any CPU.Build.0 = Release|Any CPU
		{B8637071-8BD5-4BD5-8D2B-07F1BFC9BF03}.Debug|Any CPU.ActiveCfg = Debug|Any CPU
		{B8637071-8BD5-4BD5-8D2B-07F1BFC9BF03}.Debug|Any CPU.Build.0 = Debug|Any CPU
		{B8637071-8BD5-4BD5-8D2B-07F1BFC9BF03}.Release|Any CPU.ActiveCfg = Release|Any CPU
		{B8637071-8BD5-4BD5-8D2B-07F1BFC9BF03}.Release|Any CPU.Build.0 = Release|Any CPU
		{E20F468E-5194-4059-AD6F-BA356FCB2DD3}.Debug|Any CPU.ActiveCfg = Debug|Any CPU
		{E20F468E-5194-4059-AD6F-BA356FCB2DD3}.Debug|Any CPU.Build.0 = Debug|Any CPU
		{E20F468E-5194-4059-AD6F-BA356FCB2DD3}.Release|Any CPU.ActiveCfg = Release|Any CPU
		{E20F468E-5194-4059-AD6F-BA356FCB2DD3}.Release|Any CPU.Build.0 = Release|Any CPU
		{D0E75937-DCDD-40DA-B71F-2E4D7412DAA5}.Debug|Any CPU.ActiveCfg = Debug|Any CPU
		{D0E75937-DCDD-40DA-B71F-2E4D7412DAA5}.Debug|Any CPU.Build.0 = Debug|Any CPU
		{D0E75937-DCDD-40DA-B71F-2E4D7412DAA5}.Release|Any CPU.ActiveCfg = Release|Any CPU
		{D0E75937-DCDD-40DA-B71F-2E4D7412DAA5}.Release|Any CPU.Build.0 = Release|Any CPU
	EndGlobalSection
	GlobalSection(SolutionProperties) = preSolution
		HideSolutionNode = FALSE
	EndGlobalSection
	GlobalSection(ExtensibilityGlobals) = postSolution
		SolutionGuid = {244CC152-8C5E-4305-A9F3-4356B7BEBC5F}
	EndGlobalSection
EndGlobal
